
Microsoft Visual Studio Solution File, Format Version 12.00
# Visual Studio 15
VisualStudioVersion = 15.0.28307.421
MinimumVisualStudioVersion = 10.0.40219.1
Project("{FAE04EC0-301F-11D3-BF4B-00C04F79EFBC}") = "HelpDeskSystem", "HelpDeskSystem\HelpDeskSystem.csproj", "{2AC440D5-F440-4853-B079-BF627E6E5EFD}"
EndProject
Global
	GlobalSection(SolutionConfigurationPlatforms) = preSolution
		Debug|Any CPU = Debug|Any CPU
		Release|Any CPU = Release|Any CPU
	EndGlobalSection
	GlobalSection(ProjectConfigurationPlatforms) = postSolution
		{2AC440D5-F440-4853-B079-BF627E6E5EFD}.Debug|Any CPU.ActiveCfg = Debug|Any CPU
		{2AC440D5-F440-4853-B079-BF627E6E5EFD}.Debug|Any CPU.Build.0 = Debug|Any CPU
		{2AC440D5-F440-4853-B079-BF627E6E5EFD}.Release|Any CPU.ActiveCfg = Release|Any CPU
		{2AC440D5-F440-4853-B079-BF627E6E5EFD}.Release|Any CPU.Build.0 = Release|Any CPU
	EndGlobalSection
	GlobalSection(SolutionProperties) = preSolution
		HideSolutionNode = FALSE
	EndGlobalSection
	GlobalSection(ExtensibilityGlobals) = postSolution
		SolutionGuid = {06647EE3-EB12-4A73-B3C0-CB88D170957B}
	EndGlobalSection
EndGlobal
